version = 1
revision = 3
requires-python = "==3.11.*"
resolution-markers = [
    "sys_platform == 'win32'",
    "sys_platform == 'emscripten'",
    "platform_machine == 'x86_64' and sys_platform == 'darwin'",
    "(platform_machine != 'x86_64' and sys_platform == 'darwin') or (sys_platform != 'darwin' and sys_platform != 'emscripten' and sys_platform != 'win32')",
]

[[package]]
name = "cloudpickle"
version = "3.1.2"
source = { registry = "https://pypi.org/simple" }
sdist = { url = "https://files.pythonhosted.org/packages/27/fb/576f067976d320f5f0114a8d9fa1215425441bb35627b1993e5afd8111e5/cloudpickle-3.1.2.tar.gz", hash = "sha256:7fda9eb655c9c230dab534f1983763de5835249750e85fbcef43aaa30a9a2414", size = 22330, upload-time = "2025-11-03T09:25:26.604Z" }
wheels = [
    { url = "https://files.pythonhosted.org/packages/88/39/799be3f2f0f38cc727ee3b4f1445fe6d5e4133064ec2e4115069418a5bb6/cloudpickle-3.1.2-py3-none-any.whl", hash = "sha256:9acb47f6afd73f60dc1df93bb801b472f05ff42fa6c84167d25cb206be1fbf4a", size = 22228, upload-time = "2025-11-03T09:25:25.534Z" },
]

[[package]]
name = "colorama"
version = "0.4.6"
source = { registry = "https://pypi.org/simple" }
sdist = { url = "https://files.pythonhosted.org/packages/d8/53/6f443c9a4a8358a93a6792e2acffb9d9d5cb0a5cfd8802644b7b1c9a02e4/colorama-0.4.6.tar.gz", hash = "sha256:08695f5cb7ed6e0531a20572697297273c47b8cae5a63ffc6d6ed5c201be6e44", size = 27697, upload-time = "2022-10-25T02:36:22.414Z" }
wheels = [
    { url = "https://files.pythonhosted.org/packages/d1/d6/3965ed04c63042e047cb6a3e6ed1a63a35087b6a609aa3a15ed8ac56c221/colorama-0.4.6-py2.py3-none-any.whl", hash = "sha256:4f1d9991f5acc0ca119f9d443620b77f9d6b33703e51011c16baf57afb285fc6", size = 25335, upload-time = "2022-10-25T02:36:20.889Z" },
]

[[package]]
name = "joblib"
version = "1.5.3"
source = { registry = "https://pypi.org/simple" }
sdist = { url = "https://files.pythonhosted.org/packages/41/f2/d34e8b3a08a9cc79a50b2208a93dce981fe615b64d5a4d4abee421d898df/joblib-1.5.3.tar.gz", hash = "sha256:8561a3269e6801106863fd0d6d84bb737be9e7631e33aaed3fb9ce5953688da3", size = 331603, upload-time = "2025-12-15T08:41:46.427Z" }
wheels = [
    { url = "https://files.pythonhosted.org/packages/7b/91/984aca2ec129e2757d1e4e3c81c3fcda9d0f85b74670a094cc443d9ee949/joblib-1.5.3-py3-none-any.whl", hash = "sha256:5fc3c5039fc5ca8c0276333a188bbd59d6b7ab37fe6632daa76bc7f9ec18e713", size = 309071, upload-time = "2025-12-15T08:41:44.973Z" },
]

[[package]]
name = "llvmlite"
version = "0.36.0"
source = { registry = "https://pypi.org/simple" }
resolution-markers = [
    "platform_machine == 'x86_64' and sys_platform == 'darwin'",
]
sdist = { url = "https://files.pythonhosted.org/packages/19/66/6b2c49c7c68da48d17059882fdb9ad9ac9e5ac3f22b00874d7996e3c44a8/llvmlite-0.36.0.tar.gz", hash = "sha256:765128fdf5f149ed0b889ffbe2b05eb1717f8e20a5c87fa2b4018fbcce0fcfc9", size = 126219, upload-time = "2021-03-12T13:41:52.064Z" }

[[package]]
name = "llvmlite"
version = "0.47.0"
source = { registry = "https://pypi.org/simple" }
resolution-markers = [
    "sys_platform == 'win32'",
    "sys_platform == 'emscripten'",
    "(platform_machine != 'x86_64' and sys_platform == 'darwin') or (sys_platform != 'darwin' and sys_platform != 'emscripten' and sys_platform != 'win32')",
]
sdist = { url = "https://files.pythonhosted.org/packages/01/88/a8952b6d5c21e74cbf158515b779666f692846502623e9e3c39d8e8ba25f/llvmlite-0.47.0.tar.gz", hash = "sha256:62031ce968ec74e95092184d4b0e857e444f8fdff0b8f9213707699570c33ccc", size = 193614, upload-time = "2026-03-31T18:29:53.497Z" }
wheels = [
    { url = "https://files.pythonhosted.org/packages/34/0b/b9d1911cfefa61399821dfb37f486d83e0f42630a8d12f7194270c417002/llvmlite-0.47.0-cp311-cp311-macosx_11_0_arm64.whl", hash = "sha256:74090f0dcfd6f24ebbef3f21f11e38111c4d7e6919b54c4416e1e357c3446b07", size = 37232770, upload-time = "2026-03-31T18:28:26.765Z" },
    { url = "https://files.pythonhosted.org/packages/46/27/5799b020e4cdfb25a7c951c06a96397c135efcdc21b78d853bbd9c814c7d/llvmlite-0.47.0-cp311-cp311-manylinux2014_x86_64.manylinux_2_17_x86_64.whl", hash = "sha256:ca14f02e29134e837982497959a8e2193d6035235de1cb41a9cb2bd6da4eedbb", size = 56275177, upload-time = "2026-03-31T18:28:31.01Z" },
    { url = "https://files.pythonhosted.org/packages/7e/51/48a53fedf01cb1f3f43ef200be17ebf83c8d9a04018d3783c1a226c342c2/llvmlite-0.47.0-cp311-cp311-manylinux_2_27_aarch64.manylinux_2_28_aarch64.whl", hash = "sha256:12a69d4bb05f402f30477e21eeabe81911e7c251cecb192bed82cd83c9db10d8", size = 55128631, upload-time = "2026-03-31T18:28:36.046Z" },
    { url = "https://files.pythonhosted.org/packages/a2/50/59227d06bdc96e23322713c381af4e77420949d8cd8a042c79e0043096cc/llvmlite-0.47.0-cp311-cp311-win_amd64.whl", hash = "sha256:c37d6eb7aaabfa83ab9c2ff5b5cdb95a5e6830403937b2c588b7490724e05327", size = 38138400, upload-time = "2026-03-31T18:28:40.076Z" },
]

[[package]]
name = "ml"
version = "0.1.0"
source = { virtual = "." }
dependencies = [
    { name = "numpy" },
    { name = "pandas" },
    { name = "scikit-learn" },
    { name = "shap" },
    { name = "xgboost" },
]

[package.dev-dependencies]
dev = [
    { name = "ruff" },
]

[package.metadata]
requires-dist = [
    { name = "numpy", specifier = ">=2.4.6" },
    { name = "pandas", specifier = ">=3.0.4" },
    { name = "scikit-learn", specifier = ">=1.9.0" },
    { name = "shap", specifier = ">=0.51.0" },
    { name = "xgboost", specifier = ">=3.2.0" },
]

[package.metadata.requires-dev]
dev = [{ name = "ruff", specifier = ">=0.15.20" }]

[[package]]
name = "narwhals"
version = "2.22.1"
source = { registry = "https://pypi.org/simple" }
sdist = { url = "https://files.pythonhosted.org/packages/62/3c/c4ef2164a71c1a63d7f1ae411c4082c5fa872405106db60a4b7114989ad7/narwhals-2.22.1.tar.gz", hash = "sha256:d62920805a0a43b7ff8b54b0c0d3142d796f8a9301836ada37e573d6a33cbcd9", size = 647493, upload-time = "2026-06-05T12:34:34.051Z" }
wheels = [
    { url = "https://files.pythonhosted.org/packages/48/ca/36339329c4604adbcc99c899b7eb1ce1a555c499b6a6860757dc9bfed36d/narwhals-2.22.1-py3-none-any.whl", hash = "sha256:60567d774edf77db53906f89d9fbd164e66e56d66d388e1e6990f17ac33cfb53", size = 454815, upload-time = "2026-06-05T12:34:32.289Z" },
]

[[package]]
name = "numba"
version = "0.53.1"
source = { registry = "https://pypi.org/simple" }
resolution-markers = [
    "platform_machine == 'x86_64' and sys_platform == 'darwin'",
]
dependencies = [
    { name = "llvmlite", version = "0.36.0", source = { registry = "https://pypi.org/simple" } },
    { name = "numpy" },
    { name = "setuptools" },
]
sdist = { url = "https://files.pythonhosted.org/packages/e3/7d/3d61160836e49f40913741c464f119551c15ed371c1d91ea50308495b93b/numba-0.53.1.tar.gz", hash = "sha256:9cd4e5216acdc66c4e9dab2dfd22ddb5bef151185c070d4a3cd8e78638aff5b0", size = 2213956, upload-time = "2021-03-26T09:15:50.402Z" }

[[package]]
name = "numba"
version = "0.65.1"
source = { registry = "https://pypi.org/simple" }
resolution-markers = [
    "sys_platform == 'win32'",
    "sys_platform == 'emscripten'",
    "(platform_machine != 'x86_64' and sys_platform == 'darwin') or (sys_platform != 'darwin' and sys_platform != 'emscripten' and sys_platform != 'win32')",
]
dependencies = [
    { name = "llvmlite", version = "0.47.0", source = { registry = "https://pypi.org/simple" } },
    { name = "numpy" },
]
sdist = { url = "https://files.pythonhosted.org/packages/f6/c5/db2ac3685833d626c0dcae6bd2330cd68433e1fd248d15f70998160d3ad7/numba-0.65.1.tar.gz", hash = "sha256:19357146c32fe9ed25059ab915e8465fb13951cf6b0aace3826b76886373ab23", size = 2765600, upload-time = "2026-04-24T02:02:56.551Z" }
wheels = [
    { url = "https://files.pythonhosted.org/packages/96/b3/650500c2eab4534d98e9166f4298e0f3c69c742afdf24e6eabccd1f16ad8/numba-0.65.1-cp311-cp311-macosx_12_0_arm64.whl", hash = "sha256:7020d74b19cdb8cff16506542fdd510756e28c5e7f3bd0b7f574f0f42272fcd9", size = 2680563, upload-time = "2026-04-24T02:02:18.414Z" },
    { url = "https://files.pythonhosted.org/packages/44/0b/0615dbedb98f5b32a35a53290fbdc6e22306968109278d7e58df82d7a9f6/numba-0.65.1-cp311-cp311-manylinux2014_x86_64.manylinux_2_17_x86_64.whl", hash = "sha256:f80ed83774b5173abd6581cd8d2165d1d38e13d2e5c8155c0c0b421784745420", size = 3745018, upload-time = "2026-04-24T02:02:20.252Z" },
    { url = "https://files.pythonhosted.org/packages/49/aa/4361698f35bf63bff67dfe6c90493731177f48ede954f77b0588731537bc/numba-0.65.1-cp311-cp311-manylinux_2_27_aarch64.manylinux_2_28_aarch64.whl", hash = "sha256:7ed425a43b0a5f9772f2f4e2dd0bbd12eabecae1af0b24efcfd4e053f012aac6", size = 3450962, upload-time = "2026-04-24T02:02:22.449Z" },
    { url = "https://files.pythonhosted.org/packages/bd/9a/af61ec03b3116c161fd7a06b9e8a265729a8718458333e8ffbb06d9a3978/numba-0.65.1-cp311-cp311-win_amd64.whl", hash = "sha256:df40a5028a975b9ea66f6a2a3f7abbdbd541a863070e34ed367aff21141248e4", size = 2747417, upload-time = "2026-04-24T02:02:24.43Z" },
]

[[package]]
name = "numpy"
version = "2.4.6"
source = { registry = "https://pypi.org/simple" }
sdist = { url = "https://files.pythonhosted.org/packages/d0/ad/fed0499ce6a338d2a03ebae59cd15093910c8875328855781952abf6c2fe/numpy-2.4.6.tar.gz", hash = "sha256:f3a3570c4a2a16746ac2c31a7c7c7b0c186b95ce902e33db6f28094ed7387dda", size = 20735807, upload-time = "2026-05-18T23:37:14.07Z" }
wheels = [
    { url = "https://files.pythonhosted.org/packages/b3/49/ec46835a70be8fa6446c495126ac84fdb28cb2558e1620ffb87a10c8b64c/numpy-2.4.6-cp311-cp311-macosx_10_9_x86_64.whl", hash = "sha256:0280e0356c0829a18d9de1cb7eee50ec22ca639878d7240307ca0943d73cd2c4", size = 16969194, upload-time = "2026-05-18T23:33:13.503Z" },
    { url = "https://files.pythonhosted.org/packages/0e/0d/f5957185c0ee2f3e12f78715aa9e3b353fd83633316c8532b38faa37e3f6/numpy-2.4.6-cp311-cp311-macosx_11_0_arm64.whl", hash = "sha256:110f8b71aacb688ec69062bb7f6938a0f8acb01b7c1c4beb453c65b6d234584d", size = 14964111, upload-time = "2026-05-18T23:33:17.795Z" },
    { url = "https://files.pythonhosted.org/packages/ad/40/40a40ee0ddf7ceb782c49af278894b686e586d65d8c1889c8b5da01a3d7d/numpy-2.4.6-cp311-cp311-macosx_14_0_arm64.whl", hash = "sha256:4cfe66903cc32a9921a6733d96b19bb6abf310397581bbad89c228f5abaf0ee8", size = 5469159, upload-time = "2026-05-18T23:33:20.654Z" },
    { url = "https://files.pythonhosted.org/packages/63/13/f9a8046535cb21deae82f8d03de9617e08882d274fad2539630761888228/numpy-2.4.6-cp311-cp311-macosx_14_0_x86_64.whl", hash = "sha256:8155154c7c691289fe18f510b5d4657c68c67989f293f0535a91360392ff6538", size = 6798936, upload-time = "2026-05-18T23:33:22.987Z" },
    { url = "https://files.pythonhosted.org/packages/33/a8/6fa8c1a345a8c85dbb21932c447bee07c30a2c2a3f31e369c0a84b300147/numpy-2.4.6-cp311-cp311-manylinux_2_27_aarch64.manylinux_2_28_aarch64.whl", hash = "sha256:0ab0a9c4ffb1a6d95ef519fe4247dba8eb6b18ad93999f76b7f657039acabd47", size = 15966692, upload-time = "2026-05-18T23:33:26.62Z" },
    { url = "https://files.pythonhosted.org/packages/02/03/74fe2a4cb3817d94d86402f2506554130a2f01414e299b5a843e5a8a957f/numpy-2.4.6-cp311-cp311-manylinux_2_27_x86_64.manylinux_2_28_x86_64.whl", hash = "sha256:89cd468399cfd2504718f0ba50e410dca55a170b61a02ad92bb18c8a65186e93", size = 16918164, upload-time = "2026-05-18T23:33:29.955Z" },
    { url = "https://files.pythonhosted.org/packages/c5/80/3615be3313f7e7696609bc194b9f0101da809df79e859bdb84e0cd043f46/numpy-2.4.6-cp311-cp311-musllinux_1_2_aarch64.whl", hash = "sha256:c2d37ab77531417474168eb79d6d80b14f821a966818505d03013d0833edb7a8", size = 17322877, upload-time = "2026-05-18T23:33:34.724Z" },
    { url = "https://files.pythonhosted.org/packages/ca/ac/a691e0fe2675e370d0e08ff905adc49a1c8830e8cae03efe4477e92cd55d/numpy-2.4.6-cp311-cp311-musllinux_1_2_x86_64.whl", hash = "sha256:f407cb6b8e9d6d8c626bc73c945db1706035af8fd632295547bf1c9e46d092d6", size = 18651487, upload-time = "2026-05-18T23:33:38.217Z" },
    { url = "https://files.pythonhosted.org/packages/15/a7/9bc1cd626d7bf6869bfedf27b91b6ab5dd607758bf8e959d6fa80c6a59cb/numpy-2.4.6-cp311-cp311-win32.whl", hash = "sha256:ddea102b48f9e339f3948bf22040944184627a30fdf7f858667673b9c5f033c8", size = 6233945, upload-time = "2026-05-18T23:33:41.331Z" },
    { url = "https://files.pythonhosted.org/packages/c5/31/7fc6239c12bce7e931463251cca4426c465e1876ba3cc785402ef4dd8f4e/numpy-2.4.6-cp311-cp311-win_amd64.whl", hash = "sha256:1e254a00cdf42b1e4d5b3d68d33af63268d41340d8885df2ab6470f2e1500147", size = 12608406, upload-time = "2026-05-18T23:33:44.131Z" },
    { url = "https://files.pythonhosted.org/packages/27/83/140f85a466595a16382996a1bf06b2b54bcd597488921b0c9daaeeda72af/numpy-2.4.6-cp311-cp311-win_arm64.whl", hash = "sha256:ed9749eef4cbd126da3dc1d6bcb3a57f5eb7ac6a6484146bdbf743f552dfc577", size = 10479528, upload-time = "2026-05-18T23:33:50.725Z" },
    { url = "https://files.pythonhosted.org/packages/de/12/b422cc84439adc0d00de605bf4a308890ae5c26f2c71fbd73e5d08fbb0dd/numpy-2.4.6-pp311-pypy311_pp73-macosx_10_15_x86_64.whl", hash = "sha256:55cced7c52e981362f708ad635198e97a752dfba412cc03c23bbf3bd8d5cd662", size = 16847511, upload-time = "2026-05-18T23:36:50.673Z" },
    { url = "https://files.pythonhosted.org/packages/44/53/f481bef68011740f8849418d82db07230e825013f31f4eef5ba5b805316a/numpy-2.4.6-pp311-pypy311_pp73-macosx_11_0_arm64.whl", hash = "sha256:d6da64deb6b8ed903e7560180a92f2d804ee1ba5eeb849ac2748b8c1aba1f6d7", size = 14889064, upload-time = "2026-05-18T23:36:53.879Z" },
    { url = "https://files.pythonhosted.org/packages/7f/57/42ed575c10ced8af951d426bc4e1f8aff16fd851db33f067036215a7f860/numpy-2.4.6-pp311-pypy311_pp73-macosx_14_0_arm64.whl", hash = "sha256:68a5124b13fa6cc2086764a20005d30bc0548146f7f5322f02fce212ca14317f", size = 5394157, upload-time = "2026-05-18T23:36:57.194Z" },
    { url = "https://files.pythonhosted.org/packages/6a/ef/f66cc724fcc36c1e364c67f51ae9146090b8b584f27d58b97fdae3edd737/numpy-2.4.6-pp311-pypy311_pp73-macosx_14_0_x86_64.whl", hash = "sha256:948424b06129ce883307e8cff868c31396d8dc7630a59c61d70d98dbe70f222c", size = 6708728, upload-time = "2026-05-18T23:36:59.575Z" },
    { url = "https://files.pythonhosted.org/packages/1a/9c/c531f2293b91265d8b48e9b329f54fdd7ffae73cb4134ea10cca4237e9cc/numpy-2.4.6-pp311-pypy311_pp73-manylinux_2_27_aarch64.manylinux_2_28_aarch64.whl", hash = "sha256:5dbbdb29840ca3d91ee0fece42fc29278886d908280bfec0a5846c6f901a3eb0", size = 15798374, upload-time = "2026-05-18T23:37:02.674Z" },
    { url = "https://files.pythonhosted.org/packages/1a/b0/413077f6b1153ed3cba361401c6783bbad6114804a000cc22eb71c13e190/numpy-2.4.6-pp311-pypy311_pp73-manylinux_2_27_x86_64.manylinux_2_28_x86_64.whl", hash = "sha256:8ad03c0965fb3c692200e74d458ca28c1dbb4ce96f9a479a8aa041ad5fabca02", size = 16747286, upload-time = "2026-05-18T23:37:06.327Z" },
    { url = "https://files.pythonhosted.org/packages/15/ce/e5ec180bc41812edcd8daeb8639d205622c0e8c02259d8ab25a0201b3c2a/numpy-2.4.6-pp311-pypy311_pp73-win_amd64.whl", hash = "sha256:2803abfebfc990042cd494d8ce2d5f82e9d847af6d35ec486923aa19dbad5e73", size = 12504263, upload-time = "2026-05-18T23:37:09.715Z" },
]

[[package]]
name = "nvidia-nccl-cu12"
version = "2.30.7"
source = { registry = "https://pypi.org/simple" }
wheels = [
    { url = "https://files.pythonhosted.org/packages/8f/8c/554bb020501d6c04ad8127d83f728137f8f9123f991666efbdcf9095a221/nvidia_nccl_cu12-2.30.7-py3-none-manylinux_2_18_aarch64.whl", hash = "sha256:03ecd776fd1d58fd2c9a0a687dcf8db9ecd0057382dba646fa3d65786d4a9ea1", size = 303277471, upload-time = "2026-06-09T03:24:16.327Z" },
    { url = "https://files.pythonhosted.org/packages/50/32/e7ffa9c324ae260e5dbb4af2cd557bf7a8d155c8ac7b79a785fe1796fb92/nvidia_nccl_cu12-2.30.7-py3-none-manylinux_2_18_x86_64.whl", hash = "sha256:8ce1b8213f61f2bfac132e6df890af6450b77cbd140c6ce4e98cb0c2d8e678c9", size = 303361239, upload-time = "2026-06-09T03:24:53.816Z" },
]

[[package]]
name = "packaging"
version = "26.2"
source = { registry = "https://pypi.org/simple" }
sdist = { url = "https://files.pythonhosted.org/packages/d7/f1/e7a6dd94a8d4a5626c03e4e99c87f241ba9e350cd9e6d75123f992427270/packaging-26.2.tar.gz", hash = "sha256:ff452ff5a3e828ce110190feff1178bb1f2ea2281fa2075aadb987c2fb221661", size = 228134, upload-time = "2026-04-24T20:15:23.917Z" }
wheels = [
    { url = "https://files.pythonhosted.org/packages/df/b2/87e62e8c3e2f4b32e5fe99e0b86d576da1312593b39f47d8ceef365e95ed/packaging-26.2-py3-none-any.whl", hash = "sha256:5fc45236b9446107ff2415ce77c807cee2862cb6fac22b8a73826d0693b0980e", size = 100195, upload-time = "2026-04-24T20:15:22.081Z" },
]

[[package]]
name = "pandas"
version = "3.0.4"
source = { registry = "https://pypi.org/simple" }
dependencies = [
    { name = "numpy" },
    { name = "python-dateutil" },
    { name = "tzdata", marker = "sys_platform == 'emscripten' or sys_platform == 'win32'" },
]
sdist = { url = "https://files.pythonhosted.org/packages/5a/fd/e0194474c71dbfba82e744f66945c274f15b667acd5f8c117b12555fb91e/pandas-3.0.4.tar.gz", hash = "sha256:62f6062586d159663825f06e70ef49cd1572d45824cb63a9559f3ffd1d0d2a20", size = 4658146, upload-time = "2026-06-28T15:31:51.3Z" }
wheels = [
    { url = "https://files.pythonhosted.org/packages/d3/be/f23b2369adf0fd241820778e3d534e940cf052e6cd325fee9b508726d26e/pandas-3.0.4-cp311-cp311-macosx_10_9_x86_64.whl", hash = "sha256:87d6be6820c5c2b3c41d30f2c8387aac10e842af7d43dd9c3c22f2ce0a4c4176", size = 10409998, upload-time = "2026-06-28T15:29:45.196Z" },
    { url = "https://files.pythonhosted.org/packages/79/c0/902b30ae918f5482016f6151f7e4621b71f43200f4b20f7a7fa162c74130/pandas-3.0.4-cp311-cp311-macosx_11_0_arm64.whl", hash = "sha256:dce7eca7e5adc4cc79bc28435e6111474772c14c11f4a742ea0041e23fff7d73", size = 10041669, upload-time = "2026-06-28T15:29:49.492Z" },
    { url = "https://files.pythonhosted.org/packages/58/54/2b287f9edfcbeecfd5ae9372827738f47f84130c4be73c9069c04e29bf1a/pandas-3.0.4-cp311-cp311-manylinux_2_24_aarch64.manylinux_2_28_aarch64.whl", hash = "sha256:14d274e00885373c879042dd3bd3dd27bfea6edef993f23644ed8a20468a7471", size = 10598978, upload-time = "2026-06-28T15:29:52.113Z" },
    { url = "https://files.pythonhosted.org/packages/0c/36/94e1bf5c6b3a635b7d8dc496af11840489322522a53e842477fdbcd8b08a/pandas-3.0.4-cp311-cp311-manylinux_2_24_x86_64.manylinux_2_28_x86_64.whl", hash = "sha256:c423500b3f0118c2d02b5a76ade4c57f3a13b9c9cecf04599bf983ba247cebaa", size = 11119683, upload-time = "2026-06-28T15:29:54.912Z" },
    { url = "https://files.pythonhosted.org/packages/1a/89/d8c41d1807a09c51170e2666c956e07d881eaaac1ecdc942d6f8662a9d1e/pandas-3.0.4-cp311-cp311-musllinux_1_2_aarch64.whl", hash = "sha256:aaa9760a86a77a2586807a72f64748b312b95c37135ae9932cd65fe859507377", size = 11612249, upload-time = "2026-06-28T15:29:58.235Z" },
    { url = "https://files.pythonhosted.org/packages/64/fc/e62c97b2234c89bd541ff3cc19a019c4399ca5d0af35c6a35a6bf5b41a3a/pandas-3.0.4-cp311-cp311-musllinux_1_2_x86_64.whl", hash = "sha256:e9c0eb4036cbf4110af16c5593191c51c1803752c7645f8f74b3a922a1027f42", size = 12170521, upload-time = "2026-06-28T15:30:01.695Z" },
    { url = "https://files.pythonhosted.org/packages/ec/b8/f5f6caf9a6c643296a92e88922c53e9932101e00403517c45ca3704b47ab/pandas-3.0.4-cp311-cp311-win_amd64.whl", hash = "sha256:a79a6401beed48057b9101d7e722d3d0af80e570b578438da6c7de4a10cc3a29", size = 9868871, upload-time = "2026-06-28T15:30:04.754Z" },
    { url = "https://files.pythonhosted.org/packages/b8/f8/22d6f9575a918c0a5c2c57414fd4ff07765b8bce1bce34bb7b6a886c6d86/pandas-3.0.4-cp311-cp311-win_arm64.whl", hash = "sha256:dc827bff97d448ced1a8d9b4055486cadd97b6ac52c3eb3e1dd154f49d869be1", size = 9117450, upload-time = "2026-06-28T15:30:08.982Z" },
]

[[package]]
name = "python-dateutil"
version = "2.9.0.post0"
source = { registry = "https://pypi.org/simple" }
dependencies = [
    { name = "six" },
]
sdist = { url = "https://files.pythonhosted.org/packages/66/c0/0c8b6ad9f17a802ee498c46e004a0eb49bc148f2fd230864601a86dcf6db/python-dateutil-2.9.0.post0.tar.gz", hash = "sha256:37dd54208da7e1cd875388217d5e00ebd4179249f90fb72437e91a35459a0ad3", size = 342432, upload-time = "2024-03-01T18:36:20.211Z" }
wheels = [
    { url = "https://files.pythonhosted.org/packages/ec/57/56b9bcc3c9c6a792fcbaf139543cee77261f3651ca9da0c93f5c1221264b/python_dateutil-2.9.0.post0-py2.py3-none-any.whl", hash = "sha256:a8b2bc7bffae282281c8140a97d3aa9c14da0b136dfe83f850eea9a5f7470427", size = 229892, upload-time = "2024-03-01T18:36:18.57Z" },
]

[[package]]
name = "ruff"
version = "0.15.20"
source = { registry = "https://pypi.org/simple" }
sdist = { url = "https://files.pythonhosted.org/packages/43/dc/35b341fc554ba02f217fc10da57d1a75168cfbcf75b0ef2202176d4c4f2d/ruff-0.15.20.tar.gz", hash = "sha256:1416eb04349192646b54de98f146c4f59afe37d0decfc02c3cbbf396f3a28566", size = 4755489, upload-time = "2026-06-25T17:20:37.578Z" }
wheels = [
    { url = "https://files.pythonhosted.org/packages/94/d9/2d5014f0253ba541d2061d9fa7193f48e941c8b21bb88a7ff9bbe0bd0596/ruff-0.15.20-py3-none-linux_armv6l.whl", hash = "sha256:00e188c53e499c3c1637f73c91dcf2fb56d576cab76ce1be50a27c4e80e37078", size = 10839665, upload-time = "2026-06-25T17:19:44.702Z" },
    { url = "https://files.pythonhosted.org/packages/c6/d3/ac1798ba64f670698867fcfc591d50e7e421bef137db564858f619a30fcf/ruff-0.15.20-py3-none-macosx_10_12_x86_64.whl", hash = "sha256:9ebd1fd9b9c95fc0bd7b2761aebec1f030013d2e193a2901b224af68fe47251b", size = 11208649, upload-time = "2026-06-25T17:19:48.787Z" },
    { url = "https://files.pythonhosted.org/packages/47/47/d3ac899991202095dfcf3d5176be4272642be3cf981a2f1a30f72a2afb95/ruff-0.15.20-py3-none-macosx_11_0_arm64.whl", hash = "sha256:c5b16cdd67ca108185cd36dce98c576350c03b1660a751de725fb049193a0632", size = 10622638, upload-time = "2026-06-25T17:19:51.354Z" },
    { url = "https://files.pythonhosted.org/packages/33/13/4e043fe30aa94d4ff5213a9881fc296d12960f5971b234a5263fdc225312/ruff-0.15.20-py3-none-manylinux_2_17_aarch64.manylinux2014_aarch64.whl", hash = "sha256:3413bb3c3d2ca6a8208f1f4809cd2dca3c6de6d0b491c0e70847672bde6e6efd", size = 10984227, upload-time = "2026-06-25T17:19:54.044Z" },
    { url = "https://files.pythonhosted.org/packages/76/e6/92e7bf40388bc5800073b96564f56264f7e48bfd1a498f5ced6ae6d5a769/ruff-0.15.20-py3-none-manylinux_2_17_armv7l.manylinux2014_armv7l.whl", hash = "sha256:bd7ec42b3bb3da066488db093308a69c4ac5ee6d2af333a86ba6e2eb2e7dd44b", size = 10622882, upload-time = "2026-06-25T17:19:57.037Z" },
    { url = "https://files.pythonhosted.org/packages/13/7a/43460be3f24495a3aa46d4b16873e2c4941b3b5f0b00cf88c03b7b94b339/ruff-0.15.20-py3-none-manylinux_2_17_i686.manylinux2014_i686.whl", hash = "sha256:e1a36ad0eb77fba9aabfb69ede54de6f376d04ac18ebea022847046d340a8267", size = 11474808, upload-time = "2026-06-25T17:20:00.357Z" },
    { url = "https://files.pythonhosted.org/packages/27/a0/f37077884873221c6b33b4ab49eb18f9f88e54a16a25a5bca59bef46dd66/ruff-0.15.20-py3-none-manylinux_2_17_ppc64le.manylinux2014_ppc64le.whl", hash = "sha256:b6df3b1e4610432f0386dba04d853b5f08cbbc903410c6fcc02f620f05aff53c", size = 12293094, upload-time = "2026-06-25T17:20:03.446Z" },
    { url = "https://files.pythonhosted.org/packages/a6/74/165545b60256a9704c21ac0ec4a0d07933b320812f9584836c9f4aca4292/ruff-0.15.20-py3-none-manylinux_2_17_s390x.manylinux2014_s390x.whl", hash = "sha256:e89f198a1ea6ef0d727c1cf16088bc91a6cb0ab947dedc966715691647186eae", size = 11526176, upload-time = "2026-06-25T17:20:06.301Z" },
    { url = "https://files.pythonhosted.org/packages/86/b1/a976a136d40ade83ce743578399865f57001003a409acadc0ecbb3051082/ruff-0.15.20-py3-none-manylinux_2_17_x86_64.manylinux2014_x86_64.whl", hash = "sha256:309809086c2acb67624950a3c8133e80f32d0d3e27106c0cd60ff26657c9f24b", size = 11520767, upload-time = "2026-06-25T17:20:09.191Z" },
    { url = "https://files.pythonhosted.org/packages/19/0f/f032696cb01c9b54c0263fa393474d7758f1cdc021a01b04e3cbc2500999/ruff-0.15.20-py3-none-manylinux_2_31_riscv64.whl", hash = "sha256:2d2374caa2f2c2f9e2b7da0a50802cfb8b79f55a9b5e49379f564544fbf56487", size = 11500132, upload-time = "2026-06-25T17:20:13.602Z" },
    { url = "https://files.pythonhosted.org/packages/4b/f4/51b1a14bc69e8c224b15dab9cce8e99b425e0455d462caa2b3c9be2b6a8e/ruff-0.15.20-py3-none-musllinux_1_2_aarch64.whl", hash = "sha256:a1ed17b65293e0c2f22fc387bc13198a5de94bf4429589b0ff6946b0feaf21a3", size = 10943828, upload-time = "2026-06-25T17:20:16.635Z" },
    { url = "https://files.pythonhosted.org/packages/71/4b/fe267640783cd02bf6c5cc290b1df1051be2ec294c678b5c15fe19e52343/ruff-0.15.20-py3-none-musllinux_1_2_armv7l.whl", hash = "sha256:f701305e66b38ea6c91882490eb73459796808e4c6362a1b765255e0cdcd4053", size = 10645418, upload-time = "2026-06-25T17:20:19.4Z" },
    { url = "https://files.pythonhosted.org/packages/b0/c0/a65aa4ec2f5e87a1df32dc3ec1fede434fe3dfd5cbcf3b503cafc676ab54/ruff-0.15.20-py3-none-musllinux_1_2_i686.whl", hash = "sha256:5b9c0c367ad8e5d0d5b5b8537864c469a0a0e55417aadfbeca41fa61333be9f4", size = 11211770, upload-time = "2026-06-25T17:20:22.033Z" },
    { url = "https://files.pythonhosted.org/packages/5a/a4/0caa331d954ae2723d729d351c989cb4ca8b6077d5c6c2cb6de75e98c041/ruff-0.15.20-py3-none-musllinux_1_2_x86_64.whl", hash = "sha256:01cc00dd58f0df339d0e902219dd53990ea99996a0344e5d9cc8d45d5307e460", size = 11618698, upload-time = "2026-06-25T17:20:25.259Z" },
    { url = "https://files.pythonhosted.org/packages/10/9b/5f14927848d2fd4aa891fd88d883788c5a7baba561c7874732364045708c/ruff-0.15.20-py3-none-win32.whl", hash = "sha256:ed65ef510e43a137207e0f01cfcf998aeddb1aeeda5c9d35023e910284d7cf21", size = 10857322, upload-time = "2026-06-25T17:20:28.612Z" },
    { url = "https://files.pythonhosted.org/packages/fa/f0/fe47c501f9dea92a26d788ff98bb5d92ed4cb4c88792c5c88af6b697dc8e/ruff-0.15.20-py3-none-win_amd64.whl", hash = "sha256:a525c81c70fb0380344dd1d8745d8cc1c890b7fc94a58d5a07bd8eb9557b8415", size = 11993274, upload-time = "2026-06-25T17:20:31.871Z" },
    { url = "https://files.pythonhosted.org/packages/d7/2b/9555445e1201d92b3195f45cdb153a0b68f24e0a4273f6e3d5ab46e212bb/ruff-0.15.20-py3-none-win_arm64.whl", hash = "sha256:2f5b2a6d614e8700388806a14996c40fab2c47b819ef57d790a34878858ed9ca", size = 11343498, upload-time = "2026-06-25T17:20:35.03Z" },
]

[[package]]
name = "scikit-learn"
version = "1.9.0"
source = { registry = "https://pypi.org/simple" }
dependencies = [
    { name = "joblib" },
    { name = "narwhals" },
    { name = "numpy" },
    { name = "scipy" },
    { name = "threadpoolctl" },
]
sdist = { url = "https://files.pythonhosted.org/packages/fa/6f/37092bdb25f712817231799fc5674d8e704066a8a70c1d2d40517e18b4ab/scikit_learn-1.9.0.tar.gz", hash = "sha256:8833266989d3a5110178a9fae30783675460724d0e1efb13b14901d2c660c557", size = 7750767, upload-time = "2026-06-02T11:54:32.706Z" }
wheels = [
    { url = "https://files.pythonhosted.org/packages/f5/be/e844fd9586e66540a15b71924d17a6cbc1bb749e81ddd0a796bcdba4c055/scikit_learn-1.9.0-cp311-cp311-macosx_10_9_x86_64.whl", hash = "sha256:9db6f4d34e68c8899e4cab27fdf8eafe6ed21f2ba52ceb25ea250cd237f8e47b", size = 8789686, upload-time = "2026-06-02T11:53:05.439Z" },
    { url = "https://files.pythonhosted.org/packages/42/e2/ff880f62677a17d035817d543cb0fc8727d01eccbee81c5f7fc733a9d856/scikit_learn-1.9.0-cp311-cp311-macosx_12_0_arm64.whl", hash = "sha256:f401448645a3e7bc115aa3c094097865155b34bff1cba8101857d9104e99074c", size = 8256782, upload-time = "2026-06-02T11:53:08.904Z" },
    { url = "https://files.pythonhosted.org/packages/25/64/eb40435e1a508ab1b4e284ce43ae80f6a162e5be5e38ed5a6fab467a9ea4/scikit_learn-1.9.0-cp311-cp311-manylinux_2_27_aarch64.manylinux_2_28_aarch64.whl", hash = "sha256:fd3a8ef0c758555a3b23c03adaa858af32f7736785ded50ad5991f59c4ed03fa", size = 8992419, upload-time = "2026-06-02T11:53:11.551Z" },
    { url = "https://files.pythonhosted.org/packages/8d/da/4810a28e473185429e45a57eebcc91fc991b33d889cc0676063e671db03d/scikit_learn-1.9.0-cp311-cp311-manylinux_2_27_x86_64.manylinux_2_28_x86_64.whl", hash = "sha256:f7e254636164090da847715a27f8e5478feb98c40a9e0ee90cbd277de9e5ceb8", size = 9281411, upload-time = "2026-06-02T11:53:15.063Z" },
    { url = "https://files.pythonhosted.org/packages/3b/67/be3d369f40d8178ba3bd86635d132e08cb5329b023e4669d9426d84bc007/scikit_learn-1.9.0-cp311-cp311-win_amd64.whl", hash = "sha256:5dc1818c77575d149e25fce9ef82dd7b7263ae372f03494158668ad632a69759", size = 8272736, upload-time = "2026-06-02T11:53:18.108Z" },
    { url = "https://files.pythonhosted.org/packages/37/79/a733f02dc2118da7e77a134b34f39f40201a353311b011d20859d2db3556/scikit_learn-1.9.0-cp311-cp311-win_arm64.whl", hash = "sha256:366652351f092b219c248f1e72821e841960a63d8f358f1dcfd54dc1cbdbbc28", size = 7919564, upload-time = "2026-06-02T11:53:21.2Z" },
]

[[package]]
name = "scipy"
version = "1.17.1"
source = { registry = "https://pypi.org/simple" }
dependencies = [
    { name = "numpy" },
]
sdist = { url = "https://files.pythonhosted.org/packages/7a/97/5a3609c4f8d58b039179648e62dd220f89864f56f7357f5d4f45c29eb2cc/scipy-1.17.1.tar.gz", hash = "sha256:95d8e012d8cb8816c226aef832200b1d45109ed4464303e997c5b13122b297c0", size = 30573822, upload-time = "2026-02-23T00:26:24.851Z" }
wheels = [
    { url = "https://files.pythonhosted.org/packages/df/75/b4ce781849931fef6fd529afa6b63711d5a733065722d0c3e2724af9e40a/scipy-1.17.1-cp311-cp311-macosx_10_14_x86_64.whl", hash = "sha256:1f95b894f13729334fb990162e911c9e5dc1ab390c58aa6cbecb389c5b5e28ec", size = 31613675, upload-time = "2026-02-23T00:16:00.13Z" },
    { url = "https://files.pythonhosted.org/packages/f7/58/bccc2861b305abdd1b8663d6130c0b3d7cc22e8d86663edbc8401bfd40d4/scipy-1.17.1-cp311-cp311-macosx_12_0_arm64.whl", hash = "sha256:e18f12c6b0bc5a592ed23d3f7b891f68fd7f8241d69b7883769eb5d5dfb52696", size = 28162057, upload-time = "2026-02-23T00:16:09.456Z" },
    { url = "https://files.pythonhosted.org/packages/6d/ee/18146b7757ed4976276b9c9819108adbc73c5aad636e5353e20746b73069/scipy-1.17.1-cp311-cp311-macosx_14_0_arm64.whl", hash = "sha256:a3472cfbca0a54177d0faa68f697d8ba4c80bbdc19908c3465556d9f7efce9ee", size = 20334032, upload-time = "2026-02-23T00:16:17.358Z" },
    { url = "https://files.pythonhosted.org/packages/ec/e6/cef1cf3557f0c54954198554a10016b6a03b2ec9e22a4e1df734936bd99c/scipy-1.17.1-cp311-cp311-macosx_14_0_x86_64.whl", hash = "sha256:766e0dc5a616d026a3a1cffa379af959671729083882f50307e18175797b3dfd", size = 22709533, upload-time = "2026-02-23T00:16:25.791Z" },
    { url = "https://files.pythonhosted.org/packages/4d/60/8804678875fc59362b0fb759ab3ecce1f09c10a735680318ac30da8cd76b/scipy-1.17.1-cp311-cp311-manylinux_2_27_aarch64.manylinux_2_28_aarch64.whl", hash = "sha256:744b2bf3640d907b79f3fd7874efe432d1cf171ee721243e350f55234b4cec4c", size = 33062057, upload-time = "2026-02-23T00:16:36.931Z" },
    { url = "https://files.pythonhosted.org/packages/09/7d/af933f0f6e0767995b4e2d705a0665e454d1c19402aa7e895de3951ebb04/scipy-1.17.1-cp311-cp311-manylinux_2_27_x86_64.manylinux_2_28_x86_64.whl", hash = "sha256:43af8d1f3bea642559019edfe64e9b11192a8978efbd1539d7bc2aaa23d92de4", size = 35349300, upload-time = "2026-02-23T00:16:49.108Z" },
    { url = "https://files.pythonhosted.org/packages/b4/3d/7ccbbdcbb54c8fdc20d3b6930137c782a163fa626f0aef920349873421ba/scipy-1.17.1-cp311-cp311-musllinux_1_2_aarch64.whl", hash = "sha256:cd96a1898c0a47be4520327e01f874acfd61fb48a9420f8aa9f6483412ffa444", size = 35127333, upload-time = "2026-02-23T00:17:01.293Z" },
    { url = "https://files.pythonhosted.org/packages/e8/19/f926cb11c42b15ba08e3a71e376d816ac08614f769b4f47e06c3580c836a/scipy-1.17.1-cp311-cp311-musllinux_1_2_x86_64.whl", hash = "sha256:4eb6c25dd62ee8d5edf68a8e1c171dd71c292fdae95d8aeb3dd7d7de4c364082", size = 37741314, upload-time = "2026-02-23T00:17:12.576Z" },
    { url = "https://files.pythonhosted.org/packages/95/da/0d1df507cf574b3f224ccc3d45244c9a1d732c81dcb26b1e8a766ae271a8/scipy-1.17.1-cp311-cp311-win_amd64.whl", hash = "sha256:d30e57c72013c2a4fe441c2fcb8e77b14e152ad48b5464858e07e2ad9fbfceff", size = 36607512, upload-time = "2026-02-23T00:17:23.424Z" },
    { url = "https://files.pythonhosted.org/packages/68/7f/bdd79ceaad24b671543ffe0ef61ed8e659440eb683b66f033454dcee90eb/scipy-1.17.1-cp311-cp311-win_arm64.whl", hash = "sha256:9ecb4efb1cd6e8c4afea0daa91a87fbddbce1b99d2895d151596716c0b2e859d", size = 24599248, upload-time = "2026-02-23T00:17:34.561Z" },
]

[[package]]
name = "setuptools"
version = "82.0.1"
source = { registry = "https://pypi.org/simple" }
sdist = { url = "https://files.pythonhosted.org/packages/4f/db/cfac1baf10650ab4d1c111714410d2fbb77ac5a616db26775db562c8fab2/setuptools-82.0.1.tar.gz", hash = "sha256:7d872682c5d01cfde07da7bccc7b65469d3dca203318515ada1de5eda35efbf9", size = 1152316, upload-time = "2026-03-09T12:47:17.221Z" }
wheels = [
    { url = "https://files.pythonhosted.org/packages/9d/76/f789f7a86709c6b087c5a2f52f911838cad707cc613162401badc665acfe/setuptools-82.0.1-py3-none-any.whl", hash = "sha256:a59e362652f08dcd477c78bb6e7bd9d80a7995bc73ce773050228a348ce2e5bb", size = 1006223, upload-time = "2026-03-09T12:47:15.026Z" },
]

[[package]]
name = "shap"
version = "0.51.0"
source = { registry = "https://pypi.org/simple" }
dependencies = [
    { name = "cloudpickle" },
    { name = "llvmlite", version = "0.36.0", source = { registry = "https://pypi.org/simple" }, marker = "platform_machine == 'x86_64' and sys_platform == 'darwin'" },
    { name = "llvmlite", version = "0.47.0", source = { registry = "https://pypi.org/simple" }, marker = "platform_machine != 'x86_64' or sys_platform != 'darwin'" },
    { name = "numba", version = "0.53.1", source = { registry = "https://pypi.org/simple" }, marker = "platform_machine == 'x86_64' and sys_platform == 'darwin'" },
    { name = "numba", version = "0.65.1", source = { registry = "https://pypi.org/simple" }, marker = "platform_machine != 'x86_64' or sys_platform != 'darwin'" },
    { name = "numpy" },
    { name = "packaging" },
    { name = "pandas" },
    { name = "scikit-learn" },
    { name = "scipy" },
    { name = "slicer" },
    { name = "tqdm" },
    { name = "typing-extensions" },
]
sdist = { url = "https://files.pythonhosted.org/packages/a4/0a/4a3ee4b1a3654f2a9ae038a64bb3e91a42af3da07577d69b65241f010970/shap-0.51.0.tar.gz", hash = "sha256:cfa17ff213657c9d50285aa923d79b0037a62e2ee1a31bc3eec7e196b00bdb59", size = 4108336, upload-time = "2026-03-04T09:18:19.985Z" }
wheels = [
    { url = "https://files.pythonhosted.org/packages/1b/4f/513ffc1c27242488be2269d5704c7bd8e82c6b28a04c297533d616003948/shap-0.51.0-cp311-cp311-macosx_10_9_x86_64.whl", hash = "sha256:4b4b81d7401bc821490148a694a9f149f8ef488fa973b49fdc8a7916a572750f", size = 565103, upload-time = "2026-03-04T09:17:24.11Z" },
    { url = "https://files.pythonhosted.org/packages/14/bf/bafa92ae6606f1ee38f14e866045fbcae21412a3a5766fb493b951a6e6e1/shap-0.51.0-cp311-cp311-macosx_11_0_arm64.whl", hash = "sha256:9b92f7371644c4a19660f734e0b0fe299d0eff273102230c9cf191e310576619", size = 562798, upload-time = "2026-03-04T09:17:25.909Z" },
    { url = "https://files.pythonhosted.org/packages/fc/09/a952ef8a1fe64b8a7bb909b2d3ab614d33cff7fdf646d62c3bd35d84de02/shap-0.51.0-cp311-cp311-manylinux2014_aarch64.manylinux_2_17_aarch64.manylinux_2_28_aarch64.whl", hash = "sha256:3ddd314c9dc766f72027b3b6d9a8b975c7df67f1a27af7f857267c716b7d3dd8", size = 1052516, upload-time = "2026-03-04T09:17:27.816Z" },
    { url = "https://files.pythonhosted.org/packages/42/48/541bd5b7f068804f33fac459274c06a46deb8f0e1edf3a9b176c00137629/shap-0.51.0-cp311-cp311-manylinux2014_x86_64.manylinux_2_17_x86_64.manylinux_2_28_x86_64.whl", hash = "sha256:5a909d6e306d4083e4862b6d097d53f3b4aa4d5cdf2ef4dbac5e8245160d9abd", size = 1060070, upload-time = "2026-03-04T09:17:29.751Z" },
    { url = "https://files.pythonhosted.org/packages/5f/f9/02269c83b3056c5fbaa13911e59b844146ed80c97a6f78aa0d374a9e8368/shap-0.51.0-cp311-cp311-musllinux_1_2_aarch64.whl", hash = "sha256:ff5534e92f5876c74975b53cc6b251126bbe092e5032f81e1fe8583c4a74d58c", size = 2023431, upload-time = "2026-03-04T09:17:31.97Z" },
    { url = "https://files.pythonhosted.org/packages/72/ac/751f3070be48c4b365f565ca5b4ba4c93b0a371d8ee595859c62eab9885b/shap-0.51.0-cp311-cp311-musllinux_1_2_x86_64.whl", hash = "sha256:6f3a83f28d2304f81645392a1d346154d9d992705e762fb949fa5371925399b2", size = 2092764, upload-time = "2026-03-04T09:17:33.991Z" },
    { url = "https://files.pythonhosted.org/packages/a5/8e/cee1ee136a4e54fe2fbb63a60d72d7c25e21a4ffe6aa05779cab7669cb31/shap-0.51.0-cp311-cp311-win_amd64.whl", hash = "sha256:ca2a9171e6c5b9a700d585982d7fd8336856ad818e24264420c56f9d8f02a961", size = 554870, upload-time = "2026-03-04T09:17:35.856Z" },
]

[[package]]
name = "six"
version = "1.17.0"
source = { registry = "https://pypi.org/simple" }
sdist = { url = "https://files.pythonhosted.org/packages/94/e7/b2c673351809dca68a0e064b6af791aa332cf192da575fd474ed7d6f16a2/six-1.17.0.tar.gz", hash = "sha256:ff70335d468e7eb6ec65b95b99d3a2836546063f63acc5171de367e834932a81", size = 34031, upload-time = "2024-12-04T17:35:28.174Z" }
wheels = [
    { url = "https://files.pythonhosted.org/packages/b7/ce/149a00dd41f10bc29e5921b496af8b574d8413afcd5e30dfa0ed46c2cc5e/six-1.17.0-py2.py3-none-any.whl", hash = "sha256:4721f391ed90541fddacab5acf947aa0d3dc7d27b2e1e8eda2be8970586c3274", size = 11050, upload-time = "2024-12-04T17:35:26.475Z" },
]

[[package]]
name = "slicer"
version = "0.0.8"
source = { registry = "https://pypi.org/simple" }
sdist = { url = "https://files.pythonhosted.org/packages/d3/f9/b4bce2825b39b57760b361e6131a3dacee3d8951c58cb97ad120abb90317/slicer-0.0.8.tar.gz", hash = "sha256:2e7553af73f0c0c2d355f4afcc3ecf97c6f2156fcf4593955c3f56cf6c4d6eb7", size = 14894, upload-time = "2024-03-09T23:35:26.826Z" }
wheels = [
    { url = "https://files.pythonhosted.org/packages/63/81/9ef641ff4e12cbcca30e54e72fb0951a2ba195d0cda0ba4100e532d929db/slicer-0.0.8-py3-none-any.whl", hash = "sha256:6c206258543aecd010d497dc2eca9d2805860a0b3758673903456b7df7934dc3", size = 15251, upload-time = "2024-03-09T07:03:07.708Z" },
]

[[package]]
name = "threadpoolctl"
version = "3.6.0"
source = { registry = "https://pypi.org/simple" }
sdist = { url = "https://files.pythonhosted.org/packages/b7/4d/08c89e34946fce2aec4fbb45c9016efd5f4d7f24af8e5d93296e935631d8/threadpoolctl-3.6.0.tar.gz", hash = "sha256:8ab8b4aa3491d812b623328249fab5302a68d2d71745c8a4c719a2fcaba9f44e", size = 21274, upload-time = "2025-03-13T13:49:23.031Z" }
wheels = [
    { url = "https://files.pythonhosted.org/packages/32/d5/f9a850d79b0851d1d4ef6456097579a9005b31fea68726a4ae5f2d82ddd9/threadpoolctl-3.6.0-py3-none-any.whl", hash = "sha256:43a0b8fd5a2928500110039e43a5eed8480b918967083ea48dc3ab9f13c4a7fb", size = 18638, upload-time = "2025-03-13T13:49:21.846Z" },
]

[[package]]
name = "tqdm"
version = "4.68.3"
source = { registry = "https://pypi.org/simple" }
dependencies = [
    { name = "colorama", marker = "sys_platform == 'win32'" },
]
sdist = { url = "https://files.pythonhosted.org/packages/87/d7/0535a28b1f5f24f6612fb3ff1e89fb1a8d160fee0f976e0aa6803862134b/tqdm-4.68.3.tar.gz", hash = "sha256:00dfa48452b6b6cfae3dd9885636c23d3422d1ec97c66d96818cbd5e0821d482", size = 170596, upload-time = "2026-06-17T07:36:52.105Z" }
wheels = [
    { url = "https://files.pythonhosted.org/packages/d8/8e/bb97bb0c71802080bfc8952937d174e49cfc50de5c951dd47b2496f0dcdb/tqdm-4.68.3-py3-none-any.whl", hash = "sha256:39832cc2def2789a6f29df83f172db7416cea70052c0907a57801c5f2fdccb03", size = 78337, upload-time = "2026-06-17T07:36:50.132Z" },
]

[[package]]
name = "typing-extensions"
version = "4.15.0"
source = { registry = "https://pypi.org/simple" }
sdist = { url = "https://files.pythonhosted.org/packages/72/94/1a15dd82efb362ac84269196e94cf00f187f7ed21c242792a923cdb1c61f/typing_extensions-4.15.0.tar.gz", hash = "sha256:0cea48d173cc12fa28ecabc3b837ea3cf6f38c6d1136f85cbaaf598984861466", size = 109391, upload-time = "2025-08-25T13:49:26.313Z" }
wheels = [
    { url = "https://files.pythonhosted.org/packages/18/67/36e9267722cc04a6b9f15c7f3441c2363321a3ea07da7ae0c0707beb2a9c/typing_extensions-4.15.0-py3-none-any.whl", hash = "sha256:f0fa19c6845758ab08074a0cfa8b7aecb71c999ca73d62883bc25cc018c4e548", size = 44614, upload-time = "2025-08-25T13:49:24.86Z" },
]

[[package]]
name = "tzdata"
version = "2026.2"
source = { registry = "https://pypi.org/simple" }
sdist = { url = "https://files.pythonhosted.org/packages/ba/19/1b9b0e29f30c6d35cb345486df41110984ea67ae69dddbc0e8a100999493/tzdata-2026.2.tar.gz", hash = "sha256:9173fde7d80d9018e02a662e168e5a2d04f87c41ea174b139fbef642eda62d10", size = 198254, upload-time = "2026-04-24T15:22:08.651Z" }
wheels = [
    { url = "https://files.pythonhosted.org/packages/ce/e4/dccd7f47c4b64213ac01ef921a1337ee6e30e8c6466046018326977efd95/tzdata-2026.2-py2.py3-none-any.whl", hash = "sha256:bbe9af844f658da81a5f95019480da3a89415801f6cc966806612cc7169bffe7", size = 349321, upload-time = "2026-04-24T15:22:05.876Z" },
]

[[package]]
name = "xgboost"
version = "3.2.0"
source = { registry = "https://pypi.org/simple" }
dependencies = [
    { name = "numpy" },
    { name = "nvidia-nccl-cu12", marker = "sys_platform == 'linux'" },
    { name = "scipy" },
]
sdist = { url = "https://files.pythonhosted.org/packages/91/bb/1eb0242409d22db725d7a88088e6cfd6556829fb0736f9ff69aa9f1e9455/xgboost-3.2.0.tar.gz", hash = "sha256:99b0e9a2a64896cdaf509c5e46372d336c692406646d20f2af505003c0c5d70d", size = 1263936, upload-time = "2026-02-10T11:03:05.542Z" }
wheels = [
    { url = "https://files.pythonhosted.org/packages/2d/49/6e4cdd877c24adf56cb3586bc96d93d4dcd780b5ea1efb32e1ee0de08bae/xgboost-3.2.0-py3-none-macosx_10_15_x86_64.whl", hash = "sha256:2f661966d3e322536d9c448090a870fcba1e32ee5760c10b7c46bac7a342079a", size = 2507014, upload-time = "2026-02-10T10:50:57.44Z" },
    { url = "https://files.pythonhosted.org/packages/93/f1/c09ef1add609453aa3ba5bafcd0d1c1a805c1263c0b60138ec968f8ec296/xgboost-3.2.0-py3-none-macosx_12_0_arm64.whl", hash = "sha256:eabbd40d474b8dbf6cb3536325f9150b9e6f0db32d18de9914fb3227d0bef5b7", size = 2328527, upload-time = "2026-02-10T10:51:17.502Z" },
    { url = "https://files.pythonhosted.org/packages/96/9f/d9914a7b8df842832850b1a18e5f47aaa071c217cdd1da2ae9deb291018b/xgboost-3.2.0-py3-none-manylinux_2_28_aarch64.whl", hash = "sha256:852eabc6d3b3702a59bf78dbfdcd1cb9c4d3a3b6e5ed1f8781d8b9512354fdd2", size = 131100954, upload-time = "2026-02-10T11:02:42.704Z" },
    { url = "https://files.pythonhosted.org/packages/79/98/679de17c2caa4fd3b0b4386ecf7377301702cb0afb22930a07c142fcb1d8/xgboost-3.2.0-py3-none-manylinux_2_28_x86_64.whl", hash = "sha256:99b4a6bbcb47212fec5cf5fbe12347215f073c08967431b0122cfbd1ee70312c", size = 131748579, upload-time = "2026-02-10T10:54:40.424Z" },
    { url = "https://files.pythonhosted.org/packages/1f/3d/1661dd114a914a67e3f7ab66fa1382e7599c2a8c340f314ad30a3e2b4d08/xgboost-3.2.0-py3-none-win_amd64.whl", hash = "sha256:0d169736fd836fc13646c7ab787167b3a8110351c2c6bc770c755ee1618f0442", size = 101681668, upload-time = "2026-02-10T10:59:31.202Z" },
]
